
Microsoft Visual Studio Solution File, Format Version 10.00
# Visual Studio 2008
Project("{FAE04EC0-301F-11D3-BF4B-00C04F79EFBC}") = "PDA.MobileApp", "PDA.App\PDA.MobileApp.csproj", "{73B31861-4F93-41C8-81C9-3D4C923793B7}"
EndProject
Project("{FAE04EC0-301F-11D3-BF4B-00C04F79EFBC}") = "PDA.Models", "PDA.Models\PDA.Models.csproj", "{3989BA07-E71A-40DF-AE6C-B3213B14E030}"
EndProject
Global
	GlobalSection(SolutionConfigurationPlatforms) = preSolution
		Debug|Any CPU = Debug|Any CPU
		Release|Any CPU = Release|Any CPU
	EndGlobalSection
	GlobalSection(ProjectConfigurationPlatforms) = postSolution
		{73B31861-4F93-41C8-81C9-3D4C923793B7}.Debug|Any CPU.ActiveCfg = Debug|Any CPU
		{73B31861-4F93-41C8-81C9-3D4C923793B7}.Debug|Any CPU.Build.0 = Debug|Any CPU
		{73B31861-4F93-41C8-81C9-3D4C923793B7}.Debug|Any CPU.Deploy.0 = Debug|Any CPU
		{73B31861-4F93-41C8-81C9-3D4C923793B7}.Release|Any CPU.ActiveCfg = Release|Any CPU
		{73B31861-4F93-41C8-81C9-3D4C923793B7}.Release|Any CPU.Build.0 = Release|Any CPU
		{73B31861-4F93-41C8-81C9-3D4C923793B7}.Release|Any CPU.Deploy.0 = Release|Any CPU
		{3989BA07-E71A-40DF-AE6C-B3213B14E030}.Debug|Any CPU.ActiveCfg = Debug|Any CPU
		{3989BA07-E71A-40DF-AE6C-B3213B14E030}.Debug|Any CPU.Build.0 = Debug|Any CPU
		{3989BA07-E71A-40DF-AE6C-B3213B14E030}.Release|Any CPU.ActiveCfg = Release|Any CPU
		{3989BA07-E71A-40DF-AE6C-B3213B14E030}.Release|Any CPU.Build.0 = Release|Any CPU
	EndGlobalSection
	GlobalSection(SolutionProperties) = preSolution
		HideSolutionNode = FALSE
	EndGlobalSection
EndGlobal
